
Microsoft Visual Studio Solution File, Format Version 12.00
# Visual Studio Version 17
VisualStudioVersion = 17.7.34003.232
MinimumVisualStudioVersion = 10.0.40219.1
Project("{FAE04EC0-301F-11D3-BF4B-00C04F79EFBC}") = "ConsoleTest", "ConsoleTest\ConsoleTest.csproj", "{610A401B-9BC1-4986-B2AE-B03784EEA524}"
EndProject
Project("{FAE04EC0-301F-11D3-BF4B-00C04F79EFBC}") = "CalculationSite", "CalculationSite\CalculationSite.csproj", "{335B0FB9-F1C8-4723-9294-1056F8F5E4E6}"
EndProject
Global
	GlobalSection(SolutionConfigurationPlatforms) = preSolution
		Debug|Any CPU = Debug|Any CPU
		Release|Any CPU = Release|Any CPU
	EndGlobalSection
	GlobalSection(ProjectConfigurationPlatforms) = postSolution
		{610A401B-9BC1-4986-B2AE-B03784EEA524}.Debug|Any CPU.ActiveCfg = Debug|Any CPU
		{610A401B-9BC1-4986-B2AE-B03784EEA524}.Debug|Any CPU.Build.0 = Debug|Any CPU
		{610A401B-9BC1-4986-B2AE-B03784EEA524}.Release|Any CPU.ActiveCfg = Release|Any CPU
		{610A401B-9BC1-4986-B2AE-B03784EEA524}.Release|Any CPU.Build.0 = Release|Any CPU
		{335B0FB9-F1C8-4723-9294-1056F8F5E4E6}.Debug|Any CPU.ActiveCfg = Debug|Any CPU
		{335B0FB9-F1C8-4723-9294-1056F8F5E4E6}.Debug|Any CPU.Build.0 = Debug|Any CPU
		{335B0FB9-F1C8-4723-9294-1056F8F5E4E6}.Release|Any CPU.ActiveCfg = Release|Any CPU
		{335B0FB9-F1C8-4723-9294-1056F8F5E4E6}.Release|Any CPU.Build.0 = Release|Any CPU
	EndGlobalSection
	GlobalSection(SolutionProperties) = preSolution
		HideSolutionNode = FALSE
	EndGlobalSection
	GlobalSection(ExtensibilityGlobals) = postSolution
		SolutionGuid = {8587065B-C842-4B15-92D3-69518D80F357}
	EndGlobalSection
EndGlobal
